// !$*UTF8*$!
{
	archiveVersion = 1;
	classes = {
	};
	objectVersion = 50;
	objects = {

/* Begin PBXBuildFile section */
		A6EA1B7A24EAAB7700AC95F7 /* AppDelegate.swift in Sources */ = {isa = PBXBuildFile; fileRef = A6EA1B7924EAAB7700AC95F7 /* AppDelegate.swift */; };
		A6EA1B7C24EAAB7700AC95F7 /* SceneDelegate.swift in Sources */ = {isa = PBXBuildFile; fileRef = A6EA1B7B24EAAB7700AC95F7 /* SceneDelegate.swift */; };
		A6EA1B7E24EAAB7700AC95F7 /* ViewController.swift in Sources */ = {isa = PBXBuildFile; fileRef = A6EA1B7D24EAAB7700AC95F7 /* ViewController.swift */; };
		A6EA1B8124EAAB7700AC95F7 /* Main.storyboard in Resources */ = {isa = PBXBuildFile; fileRef = A6EA1B7F24EAAB7700AC95F7 /* Main.storyboard */; };
		A6EA1B8424EAAB7700AC95F7 /* NewsReader.xcdatamodeld in Sources */ = {isa = PBXBuildFile; fileRef = A6EA1B8224EAAB7700AC95F7 /* NewsReader.xcdatamodeld */; };
		A6EA1B8624EAAB7900AC95F7 /* Assets.xcassets in Resources */ = {isa = PBXBuildFile; fileRef = A6EA1B8524EAAB7900AC95F7 /* Assets.xcassets */; };
		A6EA1B8924EAAB7900AC95F7 /* LaunchScreen.storyboard in Resources */ = {isa = PBXBuildFile; fileRef = A6EA1B8724EAAB7900AC95F7 /* LaunchScreen.storyboard */; };
		A6EA1B9124EAACFB00AC95F7 /* News.swift in Sources */ = {isa = PBXBuildFile; fileRef = A6EA1B9024EAACFB00AC95F7 /* News.swift */; };
/* End PBXBuildFile section */

/* Begin PBXFileReference section */
		A6EA1B7624EAAB7700AC95F7 /* NewsReader.app */ = {isa = PBXFileReference; explicitFileType = wrapper.application; includeInIndex = 0; path = NewsReader.app; sourceTree = BUILT_PRODUCTS_DIR; };
		A6EA1B7924EAAB7700AC95F7 /* AppDelegate.swift */ = {isa = PBXFileReference; lastKnownFileType = sourcecode.swift; path = AppDelegate.swift; sourceTree = "<group>"; };
		A6EA1B7B24EAAB7700AC95F7 /* SceneDelegate.swift */ = {isa = PBXFileReference; lastKnownFileType = sourcecode.swift; path = SceneDelegate.swift; sourceTree = "<group>"; };
		A6EA1B7D24EAAB7700AC95F7 /* ViewController.swift */ = {isa = PBXFileReference; lastKnownFileType = sourcecode.swift; path = ViewController.swift; sourceTree = "<group>"; };
		A6EA1B8024EAAB7700AC95F7 /* Base */ = {isa = PBXFileReference; lastKnownFileType = file.storyboard; name = Base; path = Base.lproj/Main.storyboard; sourceTree = "<group>"; };
		A6EA1B8324EAAB7700AC95F7 /* NewsReader.xcdatamodel */ = {isa = PBXFileReference; lastKnownFileType = wrapper.xcdatamodel; path = NewsReader.xcdatamodel; sourceTree = "<group>"; };
		A6EA1B8524EAAB7900AC95F7 /* Assets.xcassets */ = {isa = PBXFileReference; lastKnownFileType = folder.assetcatalog; path = Assets.xcassets; sourceTree = "<group>"; };
		A6EA1B8824EAAB7900AC95F7 /* Base */ = {isa = PBXFileReference; lastKnownFileType = file.storyboard; name = Base; path = Base.lproj/LaunchScreen.storyboard; sourceTree = "<group>"; };
		A6EA1B8A24EAAB7900AC95F7 /* Info.plist */ = {isa = PBXFileReference; lastKnownFileType = text.plist.xml; path = Info.plist; sourceTree = "<group>"; };
		A6EA1B9024EAACFB00AC95F7 /* News.swift */ = {isa = PBXFileReference; lastKnownFileType = sourcecode.swift; path = News.swift; sourceTree = "<group>"; };
/* End PBXFileReference section */

/* Begin PBXFrameworksBuildPhase section */
		A6EA1B7324EAAB7700AC95F7 /* Frameworks */ = {
			isa = PBXFrameworksBuildPhase;
			buildActionMask = 2147483647;
			files = (
			);
			runOnlyForDeploymentPostprocessing = 0;
		};
/* End PBXFrameworksBuildPhase section */

/* Begin PBXGroup section */
		A6EA1B6D24EAAB7700AC95F7 = {
			isa = PBXGroup;
			children = (
				A6EA1B7824EAAB7700AC95F7 /* NewsReader */,
				A6EA1B7724EAAB7700AC95F7 /* Products */,
			);
			sourceTree = "<group>";
		};
		A6EA1B7724EAAB7700AC95F7 /* Products */ = {
			isa = PBXGroup;
			children = (
				A6EA1B7624EAAB7700AC95F7 /* NewsReader.app */,
			);
			name = Products;
			sourceTree = "<group>";
		};
		A6EA1B7824EAAB7700AC95F7 /* NewsReader */ = {
			isa = PBXGroup;
			children = (
				A6EA1B7924EAAB7700AC95F7 /* AppDelegate.swift */,
				A6EA1B7B24EAAB7700AC95F7 /* SceneDelegate.swift */,
				A6EA1B7D24EAAB7700AC95F7 /* ViewController.swift */,
				A6EA1B9024EAACFB00AC95F7 /* News.swift */,
				A6EA1B7F24EAAB7700AC95F7 /* Main.storyboard */,
				A6EA1B8524EAAB7900AC95F7 /* Assets.xcassets */,
				A6EA1B8724EAAB7900AC95F7 /* LaunchScreen.storyboard */,
				A6EA1B8A24EAAB7900AC95F7 /* Info.plist */,
				A6EA1B8224EAAB7700AC95F7 /* NewsReader.xcdatamodeld */,
			);
			path = NewsReader;
			sourceTree = "<group>";
		};
/* End PBXGroup section */

/* Begin PBXNativeTarget section */
		A6EA1B7524EAAB7700AC95F7 /* NewsReader */ = {
			isa = PBXNativeTarget;
			buildConfigurationList = A6EA1B8D24EAAB7900AC95F7 /* Build configuration list for PBXNativeTarget "NewsReader" */;
			buildPhases = (
				A6EA1B7224EAAB7700AC95F7 /* Sources */,
				A6EA1B7324EAAB7700AC95F7 /* Frameworks */,
				A6EA1B7424EAAB7700AC95F7 /* Resources */,
			);
			buildRules = (
			);
			dependencies = (
			);
			name = NewsReader;
			productName = NewsReader;
			productReference = A6EA1B7624EAAB7700AC95F7 /* NewsReader.app */;
			productType = "com.apple.product-type.application";
		};
/* End PBXNativeTarget section */

/* Begin PBXProject section */
		A6EA1B6E24EAAB7700AC95F7 /* Project object */ = {
			isa = PBXProject;
			attributes = {
				LastSwiftUpdateCheck = 1160;
				LastUpgradeCheck = 1160;
				ORGANIZATIONNAME = "Евангелина Клюкай";
				TargetAttributes = {
					A6EA1B7524EAAB7700AC95F7 = {
						CreatedOnToolsVersion = 11.6;
					};
				};
			};
			buildConfigurationList = A6EA1B7124EAAB7700AC95F7 /* Build configuration list for PBXProject "NewsReader" */;
			compatibilityVersion = "Xcode 9.3";
			developmentRegion = en;
			hasScannedForEncodings = 0;
			knownRegions = (
				en,
				Base,
			);
			mainGroup = A6EA1B6D24EAAB7700AC95F7;
			productRefGroup = A6EA1B7724EAAB7700AC95F7 /* Products */;
			projectDirPath = "";
			projectRoot = "";
			targets = (
				A6EA1B7524EAAB7700AC95F7 /* NewsReader */,
			);
		};
/* End PBXProject section */

/* Begin PBXResourcesBuildPhase section */
		A6EA1B7424EAAB7700AC95F7 /* Resources */ = {
			isa = PBXResourcesBuildPhase;
			buildActionMask = 2147483647;
			files = (
				A6EA1B8924EAAB7900AC95F7 /* LaunchScreen.storyboard in Resources */,
				A6EA1B8624EAAB7900AC95F7 /* Assets.xcassets in Resources */,
				A6EA1B8124EAAB7700AC95F7 /* Main.storyboard in Resources */,
			);
			runOnlyForDeploymentPostprocessing = 0;
		};
/* End PBXResourcesBuildPhase section */

/* Begin PBXSourcesBuildPhase section */
		A6EA1B7224EAAB7700AC95F7 /* Sources */ = {
			isa = PBXSourcesBuildPhase;
			buildActionMask = 2147483647;
			files = (
				A6EA1B7E24EAAB7700AC95F7 /* ViewController.swift in Sources */,
				A6EA1B7A24EAAB7700AC95F7 /* AppDelegate.swift in Sources */,
				A6EA1B7C24EAAB7700AC95F7 /* SceneDelegate.swift in Sources */,
				A6EA1B9124EAACFB00AC95F7 /* News.swift in Sources */,
				A6EA1B8424EAAB7700AC95F7 /* NewsReader.xcdatamodeld in Sources */,
			);
			runOnlyForDeploymentPostprocessing = 0;
		};
/* End PBXSourcesBuildPhase section */

/* Begin PBXVariantGroup section */
		A6EA1B7F24EAAB7700AC95F7 /* Main.storyboard */ = {
			isa = PBXVariantGroup;
			children = (
				A6EA1B8024EAAB7700AC95F7 /* Base */,
			);
			name = Main.storyboard;
			sourceTree = "<group>";
		};
		A6EA1B8724EAAB7900AC95F7 /* LaunchScreen.storyboard */ = {
			isa = PBXVariantGroup;
			children = (
				A6EA1B8824EAAB7900AC95F7 /* Base */,
			);
			name = LaunchScreen.storyboard;
			sourceTree = "<group>";
		};
/* End PBXVariantGroup section */

/* Begin XCBuildConfiguration section */
		A6EA1B8B24EAAB7900AC95F7 /* Debug */ = {
			isa = XCBuildConfiguration;
			buildSettings = {
				ALWAYS_SEARCH_USER_PATHS = NO;
				CLANG_ANALYZER_NONNULL = YES;
				CLANG_ANALYZER_NUMBER_OBJECT_CONVERSION = YES_AGGRESSIVE;
				CLANG_CXX_LANGUAGE_STANDARD = "gnu++14";
				CLANG_CXX_LIBRARY = "libc++";
				CLANG_ENABLE_MODULES = YES;
				CLANG_ENABLE_OBJC_ARC = YES;
				CLANG_ENABLE_OBJC_WEAK = YES;
				CLANG_WARN_BLOCK_CAPTURE_AUTORELEASING = YES;
				CLANG_WARN_BOOL_CONVERSION = YES;
				CLANG_WARN_COMMA = YES;
				CLANG_WARN_CONSTANT_CONVERSION = YES;
				CLANG_WARN_DEPRECATED_OBJC_IMPLEMENTATIONS = YES;
				CLANG_WARN_DIRECT_OBJC_ISA_USAGE = YES_ERROR;
				CLANG_WARN_DOCUMENTATION_COMMENTS = YES;
				CLANG_WARN_EMPTY_BODY = YES;
				CLANG_WARN_ENUM_CONVERSION = YES;
				CLANG_WARN_INFINITE_RECURSION = YES;
				CLANG_WARN_INT_CONVERSION = YES;
				CLANG_WARN_NON_LITERAL_NULL_CONVERSION = YES;
				CLANG_WARN_OBJC_IMPLICIT_RETAIN_SELF = YES;
				CLANG_WARN_OBJC_LITERAL_CONVERSION = YES;
				CLANG_WARN_OBJC_ROOT_CLASS = YES_ERROR;
				CLANG_WARN_RANGE_LOOP_ANALYSIS = YES;
				CLANG_WARN_STRICT_PROTOTYPES = YES;
				CLANG_WARN_SUSPICIOUS_MOVE = YES;
				CLANG_WARN_UNGUARDED_AVAILABILITY = YES_AGGRESSIVE;
				CLANG_WARN_UNREACHABLE_CODE = YES;
				CLANG_WARN__DUPLICATE_METHOD_MATCH = YES;
				COPY_PHASE_STRIP = NO;
				DEBUG_INFORMATION_FORMAT = dwarf;
				ENABLE_STRICT_OBJC_MSGSEND = YES;
				ENABLE_TESTABILITY = YES;
				GCC_C_LANGUAGE_STANDARD = gnu11;
				GCC_DYNAMIC_NO_PIC = NO;
				GCC_NO_COMMON_BLOCKS = YES;
				GCC_OPTIMIZATION_LEVEL = 0;
				GCC_PREPROCESSOR_DEFINITIONS = (
					"DEBUG=1",
					"$(inherited)",
				);
				GCC_WARN_64_TO_32_BIT_CONVERSION = YES;
				GCC_WARN_ABOUT_RETURN_TYPE = YES_ERROR;
				GCC_WARN_UNDECLARED_SELECTOR = YES;
				GCC_WARN_UNINITIALIZED_AUTOS = YES_AGGRESSIVE;
				GCC_WARN_UNUSED_FUNCTION = YES;
				GCC_WARN_UNUSED_VARIABLE = YES;
				IPHONEOS_DEPLOYMENT_TARGET = 13.6;
				MTL_ENABLE_DEBUG_INFO = INCLUDE_SOURCE;
				MTL_FAST_MATH = YES;
				ONLY_ACTIVE_ARCH = YES;
				SDKROOT = iphoneos;
				SWIFT_ACTIVE_COMPILATION_CONDITIONS = DEBUG;
				SWIFT_OPTIMIZATION_LEVEL = "-Onone";
			};
			name = Debug;
		};
		A6EA1B8C24EAAB7900AC95F7 /* Release */ = {
			isa = XCBuildConfiguration;
			buildSettings = {
				ALWAYS_SEARCH_USER_PATHS = NO;
				CLANG_ANALYZER_NONNULL = YES;
				CLANG_ANALYZER_NUMBER_OBJECT_CONVERSION = YES_AGGRESSIVE;
				CLANG_CXX_LANGUAGE_STANDARD = "gnu++14";
				CLANG_CXX_LIBRARY = "libc++";
				CLANG_ENABLE_MODULES = YES;
				CLANG_ENABLE_OBJC_ARC = YES;
				CLANG_ENABLE_OBJC_WEAK = YES;
				CLANG_WARN_BLOCK_CAPTURE_AUTORELEASING = YES;
				CLANG_WARN_BOOL_CONVERSION = YES;
				CLANG_WARN_COMMA = YES;
				CLANG_WARN_CONSTANT_CONVERSION = YES;
				CLANG_WARN_DEPRECATED_OBJC_IMPLEMENTATIONS = YES;
				CLANG_WARN_DIRECT_OBJC_ISA_USAGE = YES_ERROR;
				CLANG_WARN_DOCUMENTATION_COMMENTS = YES;
				CLANG_WARN_EMPTY_BODY = YES;
				CLANG_WARN_ENUM_CONVERSION = YES;
				CLANG_WARN_INFINITE_RECURSION = YES;
				CLANG_WARN_INT_CONVERSION = YES;
				CLANG_WARN_NON_LITERAL_NULL_CONVERSION = YES;
				CLANG_WARN_OBJC_IMPLICIT_RETAIN_SELF = YES;
				CLANG_WARN_OBJC_LITERAL_CONVERSION = YES;
				CLANG_WARN_OBJC_ROOT_CLASS = YES_ERROR;
				CLANG_WARN_RANGE_LOOP_ANALYSIS = YES;
				CLANG_WARN_STRICT_PROTOTYPES = YES;
				CLANG_WARN_SUSPICIOUS_MOVE = YES;
				CLANG_WARN_UNGUARDED_AVAILABILITY = YES_AGGRESSIVE;
				CLANG_WARN_UNREACHABLE_CODE = YES;
				CLANG_WARN__DUPLICATE_METHOD_MATCH = YES;
				COPY_PHASE_STRIP = NO;
				DEBUG_INFORMATION_FORMAT = "dwarf-with-dsym";
				ENABLE_NS_ASSERTIONS = NO;
				ENABLE_STRICT_OBJC_MSGSEND = YES;
				GCC_C_LANGUAGE_STANDARD = gnu11;
				GCC_NO_COMMON_BLOCKS = YES;
				GCC_WARN_64_TO_32_BIT_CONVERSION = YES;
				GCC_WARN_ABOUT_RETURN_TYPE = YES_ERROR;
				GCC_WARN_UNDECLARED_SELECTOR = YES;
				GCC_WARN_UNINITIALIZED_AUTOS = YES_AGGRESSIVE;
				GCC_WARN_UNUSED_FUNCTION = YES;
				GCC_WARN_UNUSED_VARIABLE = YES;
				IPHONEOS_DEPLOYMENT_TARGET = 13.6;
				MTL_ENABLE_DEBUG_INFO = NO;
				MTL_FAST_MATH = YES;
				SDKROOT = iphoneos;
				SWIFT_COMPILATION_MODE = wholemodule;
				SWIFT_OPTIMIZATION_LEVEL = "-O";
				VALIDATE_PRODUCT = YES;
			};
			name = Release;
		};
		A6EA1B8E24EAAB7900AC95F7 /* Debug */ = {
			isa = XCBuildConfiguration;
			buildSettings = {
				ASSETCATALOG_COMPILER_APPICON_NAME = AppIcon;
				CODE_SIGN_STYLE = Automatic;
				DEVELOPMENT_TEAM = A4647YNHF8;
				INFOPLIST_FILE = NewsReader/Info.plist;
				LD_RUNPATH_SEARCH_PATHS = (
					"$(inherited)",
					"@executable_path/Frameworks",
				);
				PRODUCT_BUNDLE_IDENTIFIER = com.klyukay.eva.NewsReader;
				PRODUCT_NAME = "$(TARGET_NAME)";
				SWIFT_VERSION = 5.0;
				TARGETED_DEVICE_FAMILY = "1,2";
			};
			name = Debug;
		};
		A6EA1B8F24EAAB7900AC95F7 /* Release */ = {
			isa = XCBuildConfiguration;
			buildSettings = {
				ASSETCATALOG_COMPILER_APPICON_NAME = AppIcon;
				CODE_SIGN_STYLE = Automatic;
				DEVELOPMENT_TEAM = A4647YNHF8;
				INFOPLIST_FILE = NewsReader/Info.plist;
				LD_RUNPATH_SEARCH_PATHS = (
					"$(inherited)",
					"@executable_path/Frameworks",
				);
				PRODUCT_BUNDLE_IDENTIFIER = com.klyukay.eva.NewsReader;
				PRODUCT_NAME = "$(TARGET_NAME)";
				SWIFT_VERSION = 5.0;
				TARGETED_DEVICE_FAMILY = "1,2";
			};
			name = Release;
		};
/* End XCBuildConfiguration section */

/* Begin XCConfigurationList section */
		A6EA1B7124EAAB7700AC95F7 /* Build configuration list for PBXProject "NewsReader" */ = {
			isa = XCConfigurationList;
			buildConfigurations = (
				A6EA1B8B24EAAB7900AC95F7 /* Debug */,
				A6EA1B8C24EAAB7900AC95F7 /* Release */,
			);
			defaultConfigurationIsVisible = 0;
			defaultConfigurationName = Release;
		};
		A6EA1B8D24EAAB7900AC95F7 /* Build configuration list for PBXNativeTarget "NewsReader" */ = {
			isa = XCConfigurationList;
			buildConfigurations = (
				A6EA1B8E24EAAB7900AC95F7 /* Debug */,
				A6EA1B8F24EAAB7900AC95F7 /* Release */,
			);
			defaultConfigurationIsVisible = 0;
			defaultConfigurationName = Release;
		};
/* End XCConfigurationList section */

/* Begin XCVersionGroup section */
		A6EA1B8224EAAB7700AC95F7 /* NewsReader.xcdatamodeld */ = {
			isa = XCVersionGroup;
			children = (
				A6EA1B8324EAAB7700AC95F7 /* NewsReader.xcdatamodel */,
			);
			currentVersion = A6EA1B8324EAAB7700AC95F7 /* NewsReader.xcdatamodel */;
			path = NewsReader.xcdatamodeld;
			sourceTree = "<group>";
			versionGroupType = wrapper.xcdatamodel;
		};
/* End XCVersionGroup section */
	};
	rootObject = A6EA1B6E24EAAB7700AC95F7 /* Project object */;
}
